Microsoft Visual Studio Solution File, Format Version 12.00
# Visual Studio Version 17
VisualStudioVersion = 17.5.2.0
MinimumVisualStudioVersion = 10.0.40219.1
Project("{FAE04EC0-301F-11D3-BF4B-00C04F79EFBC}") = "DnTech_PBS_UniformManagement", "DnTech_PBS_UniformManagement.csproj", "{215B11E3-2136-2964-ED1B-86135DB883A0}"
EndProject
Global
	GlobalSection(SolutionConfigurationPlatforms) = preSolution
		Debug|Any CPU = Debug|Any CPU
		Release|Any CPU = Release|Any CPU
	EndGlobalSection
	GlobalSection(ProjectConfigurationPlatforms) = postSolution
		{215B11E3-2136-2964-ED1B-86135DB883A0}.Debug|Any CPU.ActiveCfg = Debug|Any CPU
		{215B11E3-2136-2964-ED1B-86135DB883A0}.Debug|Any CPU.Build.0 = Debug|Any CPU
		{215B11E3-2136-2964-ED1B-86135DB883A0}.Release|Any CPU.ActiveCfg = Release|Any CPU
		{215B11E3-2136-2964-ED1B-86135DB883A0}.Release|Any CPU.Build.0 = Release|Any CPU
	EndGlobalSection
	GlobalSection(SolutionProperties) = preSolution
		HideSolutionNode = FALSE
	EndGlobalSection
	GlobalSection(ExtensibilityGlobals) = postSolution
		SolutionGuid = {09305FDA-A777-4B83-A3DE-9C98A3EE4121}
	EndGlobalSection
EndGlobal
